
Microsoft Visual Studio Solution File, Format Version 12.00
# Visual Studio Version 16
VisualStudioVersion = 16.0.29920.165
MinimumVisualStudioVersion = 10.0.40219.1
Project("{FAE04EC0-301F-11D3-BF4B-00C04F79EFBC}") = "SamuraiApp.Domain", "SamuraiApp.Domain\SamuraiApp.Domain.csproj", "{3473A319-68AC-42CF-88E6-D3800936A488}"
EndProject
Project("{FAE04EC0-301F-11D3-BF4B-00C04F79EFBC}") = "SamuraiApp.Data", "SamuraiApp.Data\SamuraiApp.Data.csproj", "{CA4AABB0-9177-4C78-AAEA-C3F3756A9954}"
EndProject
Project("{FAE04EC0-301F-11D3-BF4B-00C04F79EFBC}") = "ConsoleApp", "ConsoleApp\ConsoleApp.csproj", "{0281C621-6E11-4ED4-9528-6C45573B73D9}"
EndProject
Global
	GlobalSection(SolutionConfigurationPlatforms) = preSolution
		Debug|Any CPU = Debug|Any CPU
		Release|Any CPU = Release|Any CPU
	EndGlobalSection
	GlobalSection(ProjectConfigurationPlatforms) = postSolution
		{3473A319-68AC-42CF-88E6-D3800936A488}.Debug|Any CPU.ActiveCfg = Debug|Any CPU
		{3473A319-68AC-42CF-88E6-D3800936A488}.Debug|Any CPU.Build.0 = Debug|Any CPU
		{3473A319-68AC-42CF-88E6-D3800936A488}.Release|Any CPU.ActiveCfg = Release|Any CPU
		{3473A319-68AC-42CF-88E6-D3800936A488}.Release|Any CPU.Build.0 = Release|Any CPU
		{CA4AABB0-9177-4C78-AAEA-C3F3756A9954}.Debug|Any CPU.ActiveCfg = Debug|Any CPU
		{CA4AABB0-9177-4C78-AAEA-C3F3756A9954}.Debug|Any CPU.Build.0 = Debug|Any CPU
		{CA4AABB0-9177-4C78-AAEA-C3F3756A9954}.Release|Any CPU.ActiveCfg = Release|Any CPU
		{CA4AABB0-9177-4C78-AAEA-C3F3756A9954}.Release|Any CPU.Build.0 = Release|Any CPU
		{0281C621-6E11-4ED4-9528-6C45573B73D9}.Debug|Any CPU.ActiveCfg = Debug|Any CPU
		{0281C621-6E11-4ED4-9528-6C45573B73D9}.Debug|Any CPU.Build.0 = Debug|Any CPU
		{0281C621-6E11-4ED4-9528-6C45573B73D9}.Release|Any CPU.ActiveCfg = Release|Any CPU
		{0281C621-6E11-4ED4-9528-6C45573B73D9}.Release|Any CPU.Build.0 = Release|Any CPU
	EndGlobalSection
	GlobalSection(SolutionProperties) = preSolution
		HideSolutionNode = FALSE
	EndGlobalSection
	GlobalSection(ExtensibilityGlobals) = postSolution
		SolutionGuid = {CB5D71E3-14D6-4736-BBFD-B7EBDD9A11C8}
	EndGlobalSection
EndGlobal
